
Microsoft Visual Studio Solution File, Format Version 12.00
# Visual Studio 14
VisualStudioVersion = 14.0.23107.0
MinimumVisualStudioVersion = 10.0.40219.1
Project("{FAE04EC0-301F-11D3-BF4B-00C04F79EFBC}") = "MRVMinem", "MRVMinem\MRVMinem.csproj", "{B3D21D20-2409-4966-8A89-4146C0CBD19B}"
EndProject
Project("{FAE04EC0-301F-11D3-BF4B-00C04F79EFBC}") = "entidad.minem.gob.pe", "entidad.minem.gob.pe\entidad.minem.gob.pe.csproj", "{9944C03F-FD45-4C0A-B6A7-48C1540A3230}"
EndProject
Project("{FAE04EC0-301F-11D3-BF4B-00C04F79EFBC}") = "datos.minem.gob.pe", "datos.minem.gob.pe\datos.minem.gob.pe.csproj", "{3C25A6A2-1BA6-4ABF-B3F1-08152A40C977}"
EndProject
Project("{FAE04EC0-301F-11D3-BF4B-00C04F79EFBC}") = "logica.minem.gob.pe", "logica.minem.gob.pe\logica.minem.gob.pe.csproj", "{549DC82F-1B0B-46A3-A845-05AB4F41CD4E}"
EndProject
Project("{FAE04EC0-301F-11D3-BF4B-00C04F79EFBC}") = "utilitario.minem.gob.pe", "utilitario.minem.gob.pe\utilitario.minem.gob.pe.csproj", "{BC063656-BF97-48A0-8057-E4AC84C4E10F}"
EndProject
Project("{2150E333-8FDC-42A3-9474-1A3956D46DE8}") = "1. Entidades", "1. Entidades", "{61EE9FA5-F19C-4CF9-A0D9-75C3FC85EE61}"
EndProject
Project("{2150E333-8FDC-42A3-9474-1A3956D46DE8}") = "2. Acceso Datos", "2. Acceso Datos", "{987E6C7F-F909-48E7-BFFD-3B0C2E01B592}"
EndProject
Project("{2150E333-8FDC-42A3-9474-1A3956D46DE8}") = "3. Logica Negocios", "3. Logica Negocios", "{0C8E457D-DC71-45E6-9674-832C401D94D0}"
EndProject
Project("{2150E333-8FDC-42A3-9474-1A3956D46DE8}") = "4. Web", "4. Web", "{C244DB7A-076B-458B-A920-C3F4B22E16BE}"
EndProject
Project("{2150E333-8FDC-42A3-9474-1A3956D46DE8}") = "5. Utilitario", "5. Utilitario", "{BDEB96AE-73DD-49AE-A18E-46893086B65E}"
EndProject
Global
	GlobalSection(SolutionConfigurationPlatforms) = preSolution
		Debug|Any CPU = Debug|Any CPU
		Release|Any CPU = Release|Any CPU
	EndGlobalSection
	GlobalSection(ProjectConfigurationPlatforms) = postSolution
		{B3D21D20-2409-4966-8A89-4146C0CBD19B}.Debug|Any CPU.ActiveCfg = Debug|Any CPU
		{B3D21D20-2409-4966-8A89-4146C0CBD19B}.Debug|Any CPU.Build.0 = Debug|Any CPU
		{B3D21D20-2409-4966-8A89-4146C0CBD19B}.Release|Any CPU.ActiveCfg = Release|Any CPU
		{B3D21D20-2409-4966-8A89-4146C0CBD19B}.Release|Any CPU.Build.0 = Release|Any CPU
		{9944C03F-FD45-4C0A-B6A7-48C1540A3230}.Debug|Any CPU.ActiveCfg = Debug|Any CPU
		{9944C03F-FD45-4C0A-B6A7-48C1540A3230}.Debug|Any CPU.Build.0 = Debug|Any CPU
		{9944C03F-FD45-4C0A-B6A7-48C1540A3230}.Release|Any CPU.ActiveCfg = Release|Any CPU
		{9944C03F-FD45-4C0A-B6A7-48C1540A3230}.Release|Any CPU.Build.0 = Release|Any CPU
		{3C25A6A2-1BA6-4ABF-B3F1-08152A40C977}.Debug|Any CPU.ActiveCfg = Debug|Any CPU
		{3C25A6A2-1BA6-4ABF-B3F1-08152A40C977}.Debug|Any CPU.Build.0 = Debug|Any CPU
		{3C25A6A2-1BA6-4ABF-B3F1-08152A40C977}.Release|Any CPU.ActiveCfg = Release|Any CPU
		{3C25A6A2-1BA6-4ABF-B3F1-08152A40C977}.Release|Any CPU.Build.0 = Release|Any CPU
		{549DC82F-1B0B-46A3-A845-05AB4F41CD4E}.Debug|Any CPU.ActiveCfg = Debug|Any CPU
		{549DC82F-1B0B-46A3-A845-05AB4F41CD4E}.Debug|Any CPU.Build.0 = Debug|Any CPU
		{549DC82F-1B0B-46A3-A845-05AB4F41CD4E}.Release|Any CPU.ActiveCfg = Release|Any CPU
		{549DC82F-1B0B-46A3-A845-05AB4F41CD4E}.Release|Any CPU.Build.0 = Release|Any CPU
		{BC063656-BF97-48A0-8057-E4AC84C4E10F}.Debug|Any CPU.ActiveCfg = Debug|Any CPU
		{BC063656-BF97-48A0-8057-E4AC84C4E10F}.Debug|Any CPU.Build.0 = Debug|Any CPU
		{BC063656-BF97-48A0-8057-E4AC84C4E10F}.Release|Any CPU.ActiveCfg = Release|Any CPU
		{BC063656-BF97-48A0-8057-E4AC84C4E10F}.Release|Any CPU.Build.0 = Release|Any CPU
	EndGlobalSection
	GlobalSection(SolutionProperties) = preSolution
		HideSolutionNode = FALSE
	EndGlobalSection
	GlobalSection(NestedProjects) = preSolution
		{B3D21D20-2409-4966-8A89-4146C0CBD19B} = {C244DB7A-076B-458B-A920-C3F4B22E16BE}
		{9944C03F-FD45-4C0A-B6A7-48C1540A3230} = {61EE9FA5-F19C-4CF9-A0D9-75C3FC85EE61}
		{3C25A6A2-1BA6-4ABF-B3F1-08152A40C977} = {987E6C7F-F909-48E7-BFFD-3B0C2E01B592}
		{549DC82F-1B0B-46A3-A845-05AB4F41CD4E} = {0C8E457D-DC71-45E6-9674-832C401D94D0}
		{BC063656-BF97-48A0-8057-E4AC84C4E10F} = {BDEB96AE-73DD-49AE-A18E-46893086B65E}
	EndGlobalSection
EndGlobal
